lockfileVersion: '9.0'

settings:
  autoInstallPeers: true
  excludeLinksFromLockfile: false

importers:

  .:
    dependencies:
      '@zegocloud/zego-uikit-prebuilt':
        specifier: ^2.17.3
        version: 2.17.3
      motion:
        specifier: ^12.40.0
        version: 12.40.0
      socket.io-client:
        specifier: ^4.8.3
        version: 4.8.3

packages:

  '@socket.io/component-emitter@3.1.2':
    resolution: {integrity: sha512-9BCxFwvbGg/RsZK9tjXd8s4UcwR0MWeFQ1XEKIQVVvAGJyINdrqKMcTRyLoK8Rse1GjzLV9cwjWV1olXRWEXVA==}

  '@zegocloud/zego-uikit-prebuilt@2.17.3':
    resolution: {integrity: sha512-PxRCLwPkwDudRiruHKVDodMZaOrvqW7cXv75RgZITmDpYD33vPLHaXmgZZ0uDhmQUpBZxJ63pj8mzdk/wC+WKA==}

  debug@4.4.3:
    resolution: {integrity: sha512-RGwwWnwQvkVfavKVt22FGLw+xYSdzARwm0ru6DhTVA3umU5hZc28V3kO4stgYryrTlLpuvgI9GiijltAjNbcqA==}
    engines: {node: '>=6.0'}
    peerDependencies:
      supports-color: '*'
    peerDependenciesMeta:
      supports-color:
        optional: true

  engine.io-client@6.6.5:
    resolution: {integrity: sha512-QCwxUDULPlXv8F6tqMMKx5dNkTe6OaBYRMPYeXKBlyOoKvAmE0ac6pW7fFhSscJ/5SI7666/U/B+MElbsrJlIg==}

  engine.io-parser@5.2.3:
    resolution: {integrity: sha512-HqD3yTBfnBxIrbnM1DoD6Pcq8NECnh8d4As1Qgh0z5Gg3jRRIqijury0CL3ghu/edArpUYiYqQiDUQBIs4np3Q==}
    engines: {node: '>=10.0.0'}

  framer-motion@12.40.0:
    resolution: {integrity: sha512-uaBd3qC1v3KQqBEjwTUd183K6PbS+j0yR9w9VmEOLWA/tnUcSn8Xa3uck7t4dgpDoUss8xQTcj8W2L07lrnLFg==}
    peerDependencies:
      '@emotion/is-prop-valid': '*'
      react: ^18.0.0 || ^19.0.0
      react-dom: ^18.0.0 || ^19.0.0
    peerDependenciesMeta:
      '@emotion/is-prop-valid':
        optional: true
      react:
        optional: true
      react-dom:
        optional: true

  motion-dom@12.40.0:
    resolution: {integrity: sha512-HxU3ZaBwNPVQUBQf1xxgq+7JrPNZvjLVxgbpEZL7RrWJnsxOf0/OM+yrHG9ogLQ31Do/r57Oz2gQWPK+6q62mg==}

  motion-utils@12.39.0:
    resolution: {integrity: sha512-8nadJAJjTtqRkmRF36FoJTrywK9nnFmnPwnSMyxaOCU7GDjN9RTMJIxx9De8ErM+vpPhMccr/6fo5WciyQLnMQ==}

  motion@12.40.0:
    resolution: {integrity: sha512-yjrHUrBFW6kQvjJwRsoiPSAhC5tRwRqNGJWmiJ4CrGnbKp0V88AdzkhBmDoqIsIPfarOe0Uddd37Xq43/gIocA==}
    peerDependencies:
      '@emotion/is-prop-valid': '*'
      react: ^18.0.0 || ^19.0.0
      react-dom: ^18.0.0 || ^19.0.0
    peerDependenciesMeta:
      '@emotion/is-prop-valid':
        optional: true
      react:
        optional: true
      react-dom:
        optional: true

  ms@2.1.3:
    resolution: {integrity: sha512-6FlzubTLZG3J2a/NVCAleEhjzq5oxgHyaCU9yYXvcLsvoVaHJq/s5xXI6/XXP6tz7R9xAOtHnSO/tXtF3WRTlA==}

  socket.io-client@4.8.3:
    resolution: {integrity: sha512-uP0bpjWrjQmUt5DTHq9RuoCBdFJF10cdX9X+a368j/Ft0wmaVgxlrjvK3kjvgCODOMMOz9lcaRzxmso0bTWZ/g==}
    engines: {node: '>=10.0.0'}

  socket.io-parser@4.2.6:
    resolution: {integrity: sha512-asJqbVBDsBCJx0pTqw3WfesSY0iRX+2xzWEWzrpcH7L6fLzrhyF8WPI8UaeM4YCuDfpwA/cgsdugMsmtz8EJeg==}
    engines: {node: '>=10.0.0'}

  tslib@2.8.1:
    resolution: {integrity: sha512-oJFu94HQb+KVduSUQL7wnpmqnfmLsOA/nAh6b6EH0wCEoK0/mPeXU6c3wKDV83MkOuHPRHtSXKKU99IBazS/2w==}

  ws@8.20.1:
    resolution: {integrity: sha512-It4dO0K5v//JtTXuPkfEOaI3uUN87iYPnqo/ZzqCoG3g8uhA66QUMs/SrM0YK7/NAu+r4LMh/9dq2A7k+rHs+w==}
    engines: {node: '>=10.0.0'}
    peerDependencies:
      bufferutil: ^4.0.1
      utf-8-validate: '>=5.0.2'
    peerDependenciesMeta:
      bufferutil:
        optional: true
      utf-8-validate:
        optional: true

  xmlhttprequest-ssl@2.1.2:
    resolution: {integrity: sha512-TEU+nJVUUnA4CYJFLvK5X9AOeH4KvDvhIfm0vV1GaQRtchnG0hgK5p8hw/xjv8cunWYCsiPCSDzObPyhEwq3KQ==}
    engines: {node: '>=0.4.0'}

snapshots:

  '@socket.io/component-emitter@3.1.2': {}

  '@zegocloud/zego-uikit-prebuilt@2.17.3': {}

  debug@4.4.3:
    dependencies:
      ms: 2.1.3

  engine.io-client@6.6.5:
    dependencies:
      '@socket.io/component-emitter': 3.1.2
      debug: 4.4.3
      engine.io-parser: 5.2.3
      ws: 8.20.1
      xmlhttprequest-ssl: 2.1.2
    transitivePeerDependencies:
      - bufferutil
      - supports-color
      - utf-8-validate

  engine.io-parser@5.2.3: {}

  framer-motion@12.40.0:
    dependencies:
      motion-dom: 12.40.0
      motion-utils: 12.39.0
      tslib: 2.8.1

  motion-dom@12.40.0:
    dependencies:
      motion-utils: 12.39.0

  motion-utils@12.39.0: {}

  motion@12.40.0:
    dependencies:
      framer-motion: 12.40.0
      tslib: 2.8.1

  ms@2.1.3: {}

  socket.io-client@4.8.3:
    dependencies:
      '@socket.io/component-emitter': 3.1.2
      debug: 4.4.3
      engine.io-client: 6.6.5
      socket.io-parser: 4.2.6
    transitivePeerDependencies:
      - bufferutil
      - supports-color
      - utf-8-validate

  socket.io-parser@4.2.6:
    dependencies:
      '@socket.io/component-emitter': 3.1.2
      debug: 4.4.3
    transitivePeerDependencies:
      - supports-color

  tslib@2.8.1: {}

  ws@8.20.1: {}

  xmlhttprequest-ssl@2.1.2: {}
